// !$*UTF8*$!
{
	archiveVersion = 1;
	classes = {
	};
	objectVersion = 46;
	objects = {

/* Begin PBXBuildFile section */
		ADA133031F6478BE00F2E80D /* AppDelegate.swift in Sources */ = {isa = PBXBuildFile; fileRef = ADA133021F6478BE00F2E80D /* AppDelegate.swift */; };
		ADA133051F6478BE00F2E80D /* ViewController.swift in Sources */ = {isa = PBXBuildFile; fileRef = ADA133041F6478BE00F2E80D /* ViewController.swift */; };
		ADA133081F6478BE00F2E80D /* Main.storyboard in Resources */ = {isa = PBXBuildFile; fileRef = ADA133061F6478BE00F2E80D /* Main.storyboard */; };
		ADA1330A1F6478BE00F2E80D /* Assets.xcassets in Resources */ = {isa = PBXBuildFile; fileRef = ADA133091F6478BE00F2E80D /* Assets.xcassets */; };
		ADA1330D1F6478BE00F2E80D /* LaunchScreen.storyboard in Resources */ = {isa = PBXBuildFile; fileRef = ADA1330B1F6478BE00F2E80D /* LaunchScreen.storyboard */; };
/* End PBXBuildFile section */

/* Begin PBXFileReference section */
		ADA132FF1F6478BD00F2E80D /* rammusQuiz.app */ = {isa = PBXFileReference; explicitFileType = wrapper.application; includeInIndex = 0; path = rammusQuiz.app; sourceTree = BUILT_PRODUCTS_DIR; };
		ADA133021F6478BE00F2E80D /* AppDelegate.swift */ = {isa = PBXFileReference; lastKnownFileType = sourcecode.swift; path = AppDelegate.swift; sourceTree = "<group>"; };
		ADA133041F6478BE00F2E80D /* ViewController.swift */ = {isa = PBXFileReference; lastKnownFileType = sourcecode.swift; path = ViewController.swift; sourceTree = "<group>"; };
		ADA133071F6478BE00F2E80D /* Base */ = {isa = PBXFileReference; lastKnownFileType = file.storyboard; name = Base; path = Base.lproj/Main.storyboard; sourceTree = "<group>"; };
		ADA133091F6478BE00F2E80D /* Assets.xcassets */ = {isa = PBXFileReference; lastKnownFileType = folder.assetcatalog; path = Assets.xcassets; sourceTree = "<group>"; };
		ADA1330C1F6478BE00F2E80D /* Base */ = {isa = PBXFileReference; lastKnownFileType = file.storyboard; name = Base; path = Base.lproj/LaunchScreen.storyboard; sourceTree = "<group>"; };
		ADA1330E1F6478BE00F2E80D /* Info.plist */ = {isa = PBXFileReference; lastKnownFileType = text.plist.xml; path = Info.plist; sourceTree = "<group>"; };
/* End PBXFileReference section */

/* Begin PBXFrameworksBuildPhase section */
		ADA132FC1F6478BD00F2E80D /* Frameworks */ = {
			isa = PBXFrameworksBuildPhase;
			buildActionMask = 2147483647;
			files = (
			);
			runOnlyForDeploymentPostprocessing = 0;
		};
/* End PBXFrameworksBuildPhase section */

/* Begin PBXGroup section */
		ADA132F61F6478BD00F2E80D = {
			isa = PBXGroup;
			children = (
				ADA133011F6478BD00F2E80D /* rammusQuiz */,
				ADA133001F6478BD00F2E80D /* Products */,
			);
			sourceTree = "<group>";
		};
		ADA133001F6478BD00F2E80D /* Products */ = {
			isa = PBXGroup;
			children = (
				ADA132FF1F6478BD00F2E80D /* rammusQuiz.app */,
			);
			name = Products;
			sourceTree = "<group>";
		};
		ADA133011F6478BD00F2E80D /* rammusQuiz */ = {
			isa = PBXGroup;
			children = (
				ADA133021F6478BE00F2E80D /* AppDelegate.swift */,
				ADA133041F6478BE00F2E80D /* ViewController.swift */,
				ADA133061F6478BE00F2E80D /* Main.storyboard */,
				ADA133091F6478BE00F2E80D /* Assets.xcassets */,
				ADA1330B1F6478BE00F2E80D /* LaunchScreen.storyboard */,
				ADA1330E1F6478BE00F2E80D /* Info.plist */,
			);
			path = rammusQuiz;
			sourceTree = "<group>";
		};
/* End PBXGroup section */

/* Begin PBXNativeTarget section */
		ADA132FE1F6478BD00F2E80D /* rammusQuiz */ = {
			isa = PBXNativeTarget;
			buildConfigurationList = ADA133111F6478BE00F2E80D /* Build configuration list for PBXNativeTarget "rammusQuiz" */;
			buildPhases = (
				ADA132FB1F6478BD00F2E80D /* Sources */,
				ADA132FC1F6478BD00F2E80D /* Frameworks */,
				ADA132FD1F6478BD00F2E80D /* Resources */,
			);
			buildRules = (
			);
			dependencies = (
			);
			name = rammusQuiz;
			productName = rammusQuiz;
			productReference = ADA132FF1F6478BD00F2E80D /* rammusQuiz.app */;
			productType = "com.apple.product-type.application";
		};
/* End PBXNativeTarget section */

/* Begin PBXProject section */
		ADA132F71F6478BD00F2E80D /* Project object */ = {
			isa = PBXProject;
			attributes = {
				LastSwiftUpdateCheck = 0820;
				LastUpgradeCheck = 0820;
				TargetAttributes = {
					ADA132FE1F6478BD00F2E80D = {
						CreatedOnToolsVersion = 8.2.1;
						ProvisioningStyle = Automatic;
					};
				};
			};
			buildConfigurationList = ADA132FA1F6478BD00F2E80D /* Build configuration list for PBXProject "rammusQuiz" */;
			compatibilityVersion = "Xcode 3.2";
			developmentRegion = English;
			hasScannedForEncodings = 0;
			knownRegions = (
				en,
				Base,
			);
			mainGroup = ADA132F61F6478BD00F2E80D;
			productRefGroup = ADA133001F6478BD00F2E80D /* Products */;
			projectDirPath = "";
			projectRoot = "";
			targets = (
				ADA132FE1F6478BD00F2E80D /* rammusQuiz */,
			);
		};
/* End PBXProject section */

/* Begin PBXResourcesBuildPhase section */
		ADA132FD1F6478BD00F2E80D /* Resources */ = {
			isa = PBXResourcesBuildPhase;
			buildActionMask = 2147483647;
			files = (
				ADA1330D1F6478BE00F2E80D /* LaunchScreen.storyboard in Resources */,
				ADA1330A1F6478BE00F2E80D /* Assets.xcassets in Resources */,
				ADA133081F6478BE00F2E80D /* Main.storyboard in Resources */,
			);
			runOnlyForDeploymentPostprocessing = 0;
		};
/* End PBXResourcesBuildPhase section */

/* Begin PBXSourcesBuildPhase section */
		ADA132FB1F6478BD00F2E80D /* Sources */ = {
			isa = PBXSourcesBuildPhase;
			buildActionMask = 2147483647;
			files = (
				ADA133051F6478BE00F2E80D /* ViewController.swift in Sources */,
				ADA133031F6478BE00F2E80D /* AppDelegate.swift in Sources */,
			);
			runOnlyForDeploymentPostprocessing = 0;
		};
/* End PBXSourcesBuildPhase section */

/* Begin PBXVariantGroup section */
		ADA133061F6478BE00F2E80D /* Main.storyboard */ = {
			isa = PBXVariantGroup;
			children = (
				ADA133071F6478BE00F2E80D /* Base */,
			);
			name = Main.storyboard;
			sourceTree = "<group>";
		};
		ADA1330B1F6478BE00F2E80D /* LaunchScreen.storyboard */ = {
			isa = PBXVariantGroup;
			children = (
				ADA1330C1F6478BE00F2E80D /* Base */,
			);
			name = LaunchScreen.storyboard;
			sourceTree = "<group>";
		};
/* End PBXVariantGroup section */

/* Begin XCBuildConfiguration section */
		ADA1330F1F6478BE00F2E80D /* Debug */ = {
			isa = XCBuildConfiguration;
			buildSettings = {
				ALWAYS_SEARCH_USER_PATHS = NO;
				CLANG_ANALYZER_NONNULL = YES;
				CLANG_CXX_LANGUAGE_STANDARD = "gnu++0x";
				CLANG_CXX_LIBRARY = "libc++";
				CLANG_ENABLE_MODULES = YES;
				CLANG_ENABLE_OBJC_ARC = YES;
				CLANG_WARN_BOOL_CONVERSION = YES;
				CLANG_WARN_CONSTANT_CONVERSION = YES;
				CLANG_WARN_DIRECT_OBJC_ISA_USAGE = YES_ERROR;
				CLANG_WARN_DOCUMENTATION_COMMENTS = YES;
				CLANG_WARN_EMPTY_BODY = YES;
				CLANG_WARN_ENUM_CONVERSION = YES;
				CLANG_WARN_INFINITE_RECURSION = YES;
				CLANG_WARN_INT_CONVERSION = YES;
				CLANG_WARN_OBJC_ROOT_CLASS = YES_ERROR;
				CLANG_WARN_SUSPICIOUS_MOVE = YES;
				CLANG_WARN_UNREACHABLE_CODE = YES;
				CLANG_WARN__DUPLICATE_METHOD_MATCH = YES;
				"CODE_SIGN_IDENTITY[sdk=iphoneos*]" = "iPhone Developer";
				COPY_PHASE_STRIP = NO;
				DEBUG_INFORMATION_FORMAT = dwarf;
				ENABLE_STRICT_OBJC_MSGSEND = YES;
				ENABLE_TESTABILITY = YES;
				GCC_C_LANGUAGE_STANDARD = gnu99;
				GCC_DYNAMIC_NO_PIC = NO;
				GCC_NO_COMMON_BLOCKS = YES;
				GCC_OPTIMIZATION_LEVEL = 0;
				GCC_PREPROCESSOR_DEFINITIONS = (
					"DEBUG=1",
					"$(inherited)",
				);
				GCC_WARN_64_TO_32_BIT_CONVERSION = YES;
				GCC_WARN_ABOUT_RETURN_TYPE = YES_ERROR;
				GCC_WARN_UNDECLARED_SELECTOR = YES;
				GCC_WARN_UNINITIALIZED_AUTOS = YES_AGGRESSIVE;
				GCC_WARN_UNUSED_FUNCTION = YES;
				GCC_WARN_UNUSED_VARIABLE = YES;
				IPHONEOS_DEPLOYMENT_TARGET = 10.2;
				MTL_ENABLE_DEBUG_INFO = YES;
				ONLY_ACTIVE_ARCH = YES;
				SDKROOT = iphoneos;
				SWIFT_ACTIVE_COMPILATION_CONDITIONS = DEBUG;
				SWIFT_OPTIMIZATION_LEVEL = "-Onone";
				TARGETED_DEVICE_FAMILY = "1,2";
			};
			name = Debug;
		};
		ADA133101F6478BE00F2E80D /* Release */ = {
			isa = XCBuildConfiguration;
			buildSettings = {
				ALWAYS_SEARCH_USER_PATHS = NO;
				CLANG_ANALYZER_NONNULL = YES;
				CLANG_CXX_LANGUAGE_STANDARD = "gnu++0x";
				CLANG_CXX_LIBRARY = "libc++";
				CLANG_ENABLE_MODULES = YES;
				CLANG_ENABLE_OBJC_ARC = YES;
				CLANG_WARN_BOOL_CONVERSION = YES;
				CLANG_WARN_CONSTANT_CONVERSION = YES;
				CLANG_WARN_DIRECT_OBJC_ISA_USAGE = YES_ERROR;
				CLANG_WARN_DOCUMENTATION_COMMENTS = YES;
				CLANG_WARN_EMPTY_BODY = YES;
				CLANG_WARN_ENUM_CONVERSION = YES;
				CLANG_WARN_INFINITE_RECURSION = YES;
				CLANG_WARN_INT_CONVERSION = YES;
				CLANG_WARN_OBJC_ROOT_CLASS = YES_ERROR;
				CLANG_WARN_SUSPICIOUS_MOVE = YES;
				CLANG_WARN_UNREACHABLE_CODE = YES;
				CLANG_WARN__DUPLICATE_METHOD_MATCH = YES;
				"CODE_SIGN_IDENTITY[sdk=iphoneos*]" = "iPhone Developer";
				COPY_PHASE_STRIP = NO;
				DEBUG_INFORMATION_FORMAT = "dwarf-with-dsym";
				ENABLE_NS_ASSERTIONS = NO;
				ENABLE_STRICT_OBJC_MSGSEND = YES;
				GCC_C_LANGUAGE_STANDARD = gnu99;
				GCC_NO_COMMON_BLOCKS = YES;
				GCC_WARN_64_TO_32_BIT_CONVERSION = YES;
				GCC_WARN_ABOUT_RETURN_TYPE = YES_ERROR;
				GCC_WARN_UNDECLARED_SELECTOR = YES;
				GCC_WARN_UNINITIALIZED_AUTOS = YES_AGGRESSIVE;
				GCC_WARN_UNUSED_FUNCTION = YES;
				GCC_WARN_UNUSED_VARIABLE = YES;
				IPHONEOS_DEPLOYMENT_TARGET = 10.2;
				MTL_ENABLE_DEBUG_INFO = NO;
				SDKROOT = iphoneos;
				SWIFT_OPTIMIZATION_LEVEL = "-Owholemodule";
				TARGETED_DEVICE_FAMILY = "1,2";
				VALIDATE_PRODUCT = YES;
			};
			name = Release;
		};
		ADA133121F6478BE00F2E80D /* Debug */ = {
			isa = XCBuildConfiguration;
			buildSettings = {
				ASSETCATALOG_COMPILER_APPICON_NAME = AppIcon;
				INFOPLIST_FILE = rammusQuiz/Info.plist;
				LD_RUNPATH_SEARCH_PATHS = "$(inherited) @executable_path/Frameworks";
				PRODUCT_BUNDLE_IDENTIFIER = com.rammus.rammusTriviaQuiz;
				PRODUCT_NAME = "$(TARGET_NAME)";
				SWIFT_VERSION = 3.0;
			};
			name = Debug;
		};
		ADA133131F6478BE00F2E80D /* Release */ = {
			isa = XCBuildConfiguration;
			buildSettings = {
				ASSETCATALOG_COMPILER_APPICON_NAME = AppIcon;
				INFOPLIST_FILE = rammusQuiz/Info.plist;
				LD_RUNPATH_SEARCH_PATHS = "$(inherited) @executable_path/Frameworks";
				PRODUCT_BUNDLE_IDENTIFIER = com.rammus.rammusTriviaQuiz;
				PRODUCT_NAME = "$(TARGET_NAME)";
				SWIFT_VERSION = 3.0;
			};
			name = Release;
		};
/* End XCBuildConfiguration section */

/* Begin XCConfigurationList section */
		ADA132FA1F6478BD00F2E80D /* Build configuration list for PBXProject "rammusQuiz" */ = {
			isa = XCConfigurationList;
			buildConfigurations = (
				ADA1330F1F6478BE00F2E80D /* Debug */,
				ADA133101F6478BE00F2E80D /* Release */,
			);
			defaultConfigurationIsVisible = 0;
			defaultConfigurationName = Release;
		};
		ADA133111F6478BE00F2E80D /* Build configuration list for PBXNativeTarget "rammusQuiz" */ = {
			isa = XCConfigurationList;
			buildConfigurations = (
				ADA133121F6478BE00F2E80D /* Debug */,
				ADA133131F6478BE00F2E80D /* Release */,
			);
			defaultConfigurationIsVisible = 0;
		};
/* End XCConfigurationList section */
	};
	rootObject = ADA132F71F6478BD00F2E80D /* Project object */;
}
